{
  "version": 4,
  "terraform_version": "1.14.8",
  "serial": 13,
  "lineage": "7cce865e-b0ae-6832-12c0-e21d75aec4ad",
  "outputs": {
    "ip-address": {
      "value": "138.68.171.20",
      "type": "string"
    }
  },
  "resources": [
    {
      "mode": "managed",
      "type": "digitalocean_droplet",
      "name": "web",
      "provider": "provider[\"registry.terraform.io/digitalocean/digitalocean\"]",
      "instances": [
        {
          "schema_version": 1,
          "attributes": {
            "backup_policy": [],
            "backups": false,
            "created_at": "2026-03-30T16:26:04Z",
            "disk": 25,
            "droplet_agent": null,
            "graceful_shutdown": false,
            "id": "561870820",
            "image": "ubuntu-22-04-x64",
            "ipv4_address": "138.68.171.20",
            "ipv4_address_private": "10.106.0.6",
            "ipv6": false,
            "ipv6_address": "",
            "locked": false,
            "memory": 1024,
            "monitoring": false,
            "name": "film-1",
            "price_hourly": 0.00893,
            "price_monthly": 6,
            "private_networking": true,
            "region": "lon1",
            "resize_disk": true,
            "size": "s-1vcpu-1gb",
            "ssh_keys": [
              "3c:4b:c3:3f:eb:fb:a2:8a:f5:7d:80:3f:a5:a5:46:79"
            ],
            "status": "active",
            "tags": null,
            "timeouts": null,
            "urn": "do:droplet:561870820",
            "user_data": "0a362a91ea3c81e00a0137bb5b836a38b88d048f",
            "vcpus": 1,
            "volume_ids": [],
            "vpc_uuid": "cd4dfcc6-884e-4d50-a17e-3133f34252c0"
          },
          "sensitive_attributes": [],
          "identity_schema_version": 0,
          "private": "eyJlMmJmYjczMC1lY2FhLTExZTYtOGY4OC0zNDM2M2JjN2M0YzAiOnsiY3JlYXRlIjozNjAwMDAwMDAwMDAwLCJkZWxldGUiOjYwMDAwMDAwMDAwLCJ1cGRhdGUiOjM2MDAwMDAwMDAwMDB9LCJzY2hlbWFfdmVyc2lvbiI6IjEifQ=="
        }
      ]
    }
  ],
  "check_results": null
}
