{
  "version": 4,
  "terraform_version": "1.14.8",
  "serial": 31,
  "lineage": "7cce865e-b0ae-6832-12c0-e21d75aec4ad",
  "outputs": {
    "reserved_ip": {
      "value": "159.65.209.97",
      "type": "string"
    }
  },
  "resources": [
    {
      "mode": "managed",
      "type": "digitalocean_reserved_ip",
      "name": "web",
      "provider": "provider[\"registry.terraform.io/digitalocean/digitalocean\"]",
      "instances": [
        {
          "schema_version": 0,
          "attributes": {
            "droplet_id": 0,
            "id": "159.65.209.97",
            "ip_address": "159.65.209.97",
            "region": "lon1",
            "urn": "do:reservedip:159.65.209.97"
          },
          "sensitive_attributes": [],
          "identity_schema_version": 0,
          "private": "bnVsbA=="
        }
      ]
    }
  ],
  "check_results": null
}
